
Microsoft Visual Studio Solution File, Format Version 12.00
# Visual Studio Version 16
VisualStudioVersion = 16.0.31911.196
MinimumVisualStudioVersion = 10.0.40219.1
Project("{9A19103F-16F7-4668-BE54-9A1E7A4F7556}") = "FacadeDeseni_Ornek0", "FacadeDeseni_Ornek0\FacadeDeseni_Ornek0.csproj", "{1E162BF0-01D3-4B50-A6CC-7BBE740D1CA5}"
EndProject
Project("{9A19103F-16F7-4668-BE54-9A1E7A4F7556}") = "FacadeDeseni_Ornek1", "FacadeDeseni_Ornek1\FacadeDeseni_Ornek1.csproj", "{F3E23549-CCCB-4F12-A5ED-794FD5D82ADF}"
EndProject
Project("{9A19103F-16F7-4668-BE54-9A1E7A4F7556}") = "AdapterDeseni_Ornek0", "AdapterDeseni_Ornek0\AdapterDeseni_Ornek0.csproj", "{CEB458B8-8E58-48E6-A0CC-0A9AE0DE0A4F}"
EndProject
Project("{9A19103F-16F7-4668-BE54-9A1E7A4F7556}") = "AdapterDeseni_Ornek1", "AdapterDeseni_Ornek1\AdapterDeseni_Ornek1.csproj", "{1A568DC1-791C-49A2-905B-B84F5E5FD338}"
EndProject
Project("{9A19103F-16F7-4668-BE54-9A1E7A4F7556}") = "BridgeDeseni_Ornek0", "BridgeDeseni_Ornek0\BridgeDeseni_Ornek0.csproj", "{690722FF-457D-4E88-8045-302EA108E72A}"
EndProject
Project("{9A19103F-16F7-4668-BE54-9A1E7A4F7556}") = "BridgeDeseni_Ornek1", "BridgeDeseni_Ornek1\BridgeDeseni_Ornek1.csproj", "{2B2D667B-216C-4D50-97C3-07709F941CCB}"
EndProject
Project("{9A19103F-16F7-4668-BE54-9A1E7A4F7556}") = "CompositeDeseni_Ornek0", "CompositeDeseni_Ornek0\CompositeDeseni_Ornek0.csproj", "{8C3450AE-07C6-473E-A372-5FA360AE0132}"
EndProject
Project("{9A19103F-16F7-4668-BE54-9A1E7A4F7556}") = "CompositeDeseni_Ornek1", "CompositeDeseni_Ornek1\CompositeDeseni_Ornek1.csproj", "{19DAA87A-5C89-440E-A322-353447A945F9}"
EndProject
Project("{9A19103F-16F7-4668-BE54-9A1E7A4F7556}") = "ObserverDeseni_Ornek0", "ObserverDeseni_Ornek0\ObserverDeseni_Ornek0.csproj", "{A4FD33DE-99D3-4B5E-B17E-5367B3C0221E}"
EndProject
Project("{9A19103F-16F7-4668-BE54-9A1E7A4F7556}") = "ObserverDeseni_Ornek1", "ObserverDeseni_Ornek1\ObserverDeseni_Ornek1.csproj", "{317A7A3C-1E73-414B-BAD1-CB583B26A0FE}"
EndProject
Project("{9A19103F-16F7-4668-BE54-9A1E7A4F7556}") = "ChainOfResponsibilityDeseni_Ornek0", "ChainOfResponsibilityDeseni_Ornek0\ChainOfResponsibilityDeseni_Ornek0.csproj", "{CF21230A-BCD9-4968-9FB8-6EB360D2D980}"
EndProject
Project("{9A19103F-16F7-4668-BE54-9A1E7A4F7556}") = "ChainOfResponsibilityDeseni_Ornek1", "ChainOfResponsibilityDeseni_Ornek1\ChainOfResponsibilityDeseni_Ornek1.csproj", "{1E92F661-2522-4A08-A222-650894C368E9}"
EndProject
Project("{9A19103F-16F7-4668-BE54-9A1E7A4F7556}") = "VisitorDeseni_Ornek0", "VisitorDeseni_Ornek0\VisitorDeseni_Ornek0.csproj", "{1FBA5916-8CAE-4763-8786-4064549D6C1A}"
EndProject
Project("{9A19103F-16F7-4668-BE54-9A1E7A4F7556}") = "VisitorDeseni_Ornek1", "VisitorDeseni_Ornek1\VisitorDeseni_Ornek1.csproj", "{BF6B9AA2-FEFE-47DE-807C-8362138ED01A}"
EndProject
Project("{9A19103F-16F7-4668-BE54-9A1E7A4F7556}") = "StratejiDeseni_Ornek0", "StratejiDeseni_Ornek0\StratejiDeseni_Ornek0.csproj", "{926CF97A-5698-4D5E-90EB-B33E7A3472E6}"
EndProject
Project("{9A19103F-16F7-4668-BE54-9A1E7A4F7556}") = "FactoryDeseni_Ornek0", "FactoryDeseni_Ornek0\FactoryDeseni_Ornek0.csproj", "{6187F9B4-067E-4B4E-A4E2-42FF072060CB}"
EndProject
Project("{9A19103F-16F7-4668-BE54-9A1E7A4F7556}") = "AbstractFactoryDeseni_Ornek0", "AbstractFactoryDeseni_Ornek0\AbstractFactoryDeseni_Ornek0.csproj", "{8BA4D521-5289-430C-927D-F911A11E788F}"
EndProject
Project("{9A19103F-16F7-4668-BE54-9A1E7A4F7556}") = "AbstractFactoryDeseni_Ornek1", "AbstractFactoryDeseni_Ornek1\AbstractFactoryDeseni_Ornek1.csproj", "{8E5DB173-EB3D-43A5-949F-2FA9DEF58F2F}"
EndProject
Project("{9A19103F-16F7-4668-BE54-9A1E7A4F7556}") = "BuilderDeseni_Ornek0", "BuilderDeseni_Ornek0\BuilderDeseni_Ornek0.csproj", "{AC8FB9AF-409B-431C-B3C6-38F632AE8BC0}"
EndProject
Project("{FAE04EC0-301F-11D3-BF4B-00C04F79EFBC}") = "SingletonDeseni_Ornek0", "SingletonDeseni_Ornek0\SingletonDeseni_Ornek0.csproj", "{5467537B-91AB-4AED-84CE-E41618794E18}"
EndProject
Project("{FAE04EC0-301F-11D3-BF4B-00C04F79EFBC}") = "FactoryDeseni_Ornek1", "FactoryDeseni_Ornek1\FactoryDeseni_Ornek1.csproj", "{26E37DAE-711F-4678-8DA9-236CDD3B2AC0}"
EndProject
Project("{FAE04EC0-301F-11D3-BF4B-00C04F79EFBC}") = "AbstractFactoryDeseni_Ornek2", "AbstractFactoryDeseni_Ornek2\AbstractFactoryDeseni_Ornek2.csproj", "{612BD2DA-DAF5-4352-8089-B18A1A584ED0}"
EndProject
Project("{FAE04EC0-301F-11D3-BF4B-00C04F79EFBC}") = "FacadeDeseni_Ornek2", "FacadeDeseni_Ornek2\FacadeDeseni_Ornek2.csproj", "{311F0B4B-0780-4B75-A6B7-13A36D77677A}"
EndProject
Global
	GlobalSection(SolutionConfigurationPlatforms) = preSolution
		Debug|Any CPU = Debug|Any CPU
		Release|Any CPU = Release|Any CPU
	EndGlobalSection
	GlobalSection(ProjectConfigurationPlatforms) = postSolution
		{1E162BF0-01D3-4B50-A6CC-7BBE740D1CA5}.Debug|Any CPU.ActiveCfg = Debug|Any CPU
		{1E162BF0-01D3-4B50-A6CC-7BBE740D1CA5}.Debug|Any CPU.Build.0 = Debug|Any CPU
		{1E162BF0-01D3-4B50-A6CC-7BBE740D1CA5}.Release|Any CPU.ActiveCfg = Release|Any CPU
		{1E162BF0-01D3-4B50-A6CC-7BBE740D1CA5}.Release|Any CPU.Build.0 = Release|Any CPU
		{F3E23549-CCCB-4F12-A5ED-794FD5D82ADF}.Debug|Any CPU.ActiveCfg = Debug|Any CPU
		{F3E23549-CCCB-4F12-A5ED-794FD5D82ADF}.Debug|Any CPU.Build.0 = Debug|Any CPU
		{F3E23549-CCCB-4F12-A5ED-794FD5D82ADF}.Release|Any CPU.ActiveCfg = Release|Any CPU
		{F3E23549-CCCB-4F12-A5ED-794FD5D82ADF}.Release|Any CPU.Build.0 = Release|Any CPU
		{CEB458B8-8E58-48E6-A0CC-0A9AE0DE0A4F}.Debug|Any CPU.ActiveCfg = Debug|Any CPU
		{CEB458B8-8E58-48E6-A0CC-0A9AE0DE0A4F}.Debug|Any CPU.Build.0 = Debug|Any CPU
		{CEB458B8-8E58-48E6-A0CC-0A9AE0DE0A4F}.Release|Any CPU.ActiveCfg = Release|Any CPU
		{CEB458B8-8E58-48E6-A0CC-0A9AE0DE0A4F}.Release|Any CPU.Build.0 = Release|Any CPU
		{1A568DC1-791C-49A2-905B-B84F5E5FD338}.Debug|Any CPU.ActiveCfg = Debug|Any CPU
		{1A568DC1-791C-49A2-905B-B84F5E5FD338}.Debug|Any CPU.Build.0 = Debug|Any CPU
		{1A568DC1-791C-49A2-905B-B84F5E5FD338}.Release|Any CPU.ActiveCfg = Release|Any CPU
		{1A568DC1-791C-49A2-905B-B84F5E5FD338}.Release|Any CPU.Build.0 = Release|Any CPU
		{690722FF-457D-4E88-8045-302EA108E72A}.Debug|Any CPU.ActiveCfg = Debug|Any CPU
		{690722FF-457D-4E88-8045-302EA108E72A}.Debug|Any CPU.Build.0 = Debug|Any CPU
		{690722FF-457D-4E88-8045-302EA108E72A}.Release|Any CPU.ActiveCfg = Release|Any CPU
		{690722FF-457D-4E88-8045-302EA108E72A}.Release|Any CPU.Build.0 = Release|Any CPU
		{2B2D667B-216C-4D50-97C3-07709F941CCB}.Debug|Any CPU.ActiveCfg = Debug|Any CPU
		{2B2D667B-216C-4D50-97C3-07709F941CCB}.Debug|Any CPU.Build.0 = Debug|Any CPU
		{2B2D667B-216C-4D50-97C3-07709F941CCB}.Release|Any CPU.ActiveCfg = Release|Any CPU
		{2B2D667B-216C-4D50-97C3-07709F941CCB}.Release|Any CPU.Build.0 = Release|Any CPU
		{8C3450AE-07C6-473E-A372-5FA360AE0132}.Debug|Any CPU.ActiveCfg = Debug|Any CPU
		{8C3450AE-07C6-473E-A372-5FA360AE0132}.Debug|Any CPU.Build.0 = Debug|Any CPU
		{8C3450AE-07C6-473E-A372-5FA360AE0132}.Release|Any CPU.ActiveCfg = Release|Any CPU
		{8C3450AE-07C6-473E-A372-5FA360AE0132}.Release|Any CPU.Build.0 = Release|Any CPU
		{19DAA87A-5C89-440E-A322-353447A945F9}.Debug|Any CPU.ActiveCfg = Debug|Any CPU
		{19DAA87A-5C89-440E-A322-353447A945F9}.Debug|Any CPU.Build.0 = Debug|Any CPU
		{19DAA87A-5C89-440E-A322-353447A945F9}.Release|Any CPU.ActiveCfg = Release|Any CPU
		{19DAA87A-5C89-440E-A322-353447A945F9}.Release|Any CPU.Build.0 = Release|Any CPU
		{A4FD33DE-99D3-4B5E-B17E-5367B3C0221E}.Debug|Any CPU.ActiveCfg = Debug|Any CPU
		{A4FD33DE-99D3-4B5E-B17E-5367B3C0221E}.Debug|Any CPU.Build.0 = Debug|Any CPU
		{A4FD33DE-99D3-4B5E-B17E-5367B3C0221E}.Release|Any CPU.ActiveCfg = Release|Any CPU
		{A4FD33DE-99D3-4B5E-B17E-5367B3C0221E}.Release|Any CPU.Build.0 = Release|Any CPU
		{317A7A3C-1E73-414B-BAD1-CB583B26A0FE}.Debug|Any CPU.ActiveCfg = Debug|Any CPU
		{317A7A3C-1E73-414B-BAD1-CB583B26A0FE}.Debug|Any CPU.Build.0 = Debug|Any CPU
		{317A7A3C-1E73-414B-BAD1-CB583B26A0FE}.Release|Any CPU.ActiveCfg = Release|Any CPU
		{317A7A3C-1E73-414B-BAD1-CB583B26A0FE}.Release|Any CPU.Build.0 = Release|Any CPU
		{CF21230A-BCD9-4968-9FB8-6EB360D2D980}.Debug|Any CPU.ActiveCfg = Debug|Any CPU
		{CF21230A-BCD9-4968-9FB8-6EB360D2D980}.Debug|Any CPU.Build.0 = Debug|Any CPU
		{CF21230A-BCD9-4968-9FB8-6EB360D2D980}.Release|Any CPU.ActiveCfg = Release|Any CPU
		{CF21230A-BCD9-4968-9FB8-6EB360D2D980}.Release|Any CPU.Build.0 = Release|Any CPU
		{1E92F661-2522-4A08-A222-650894C368E9}.Debug|Any CPU.ActiveCfg = Debug|Any CPU
		{1E92F661-2522-4A08-A222-650894C368E9}.Debug|Any CPU.Build.0 = Debug|Any CPU
		{1E92F661-2522-4A08-A222-650894C368E9}.Release|Any CPU.ActiveCfg = Release|Any CPU
		{1E92F661-2522-4A08-A222-650894C368E9}.Release|Any CPU.Build.0 = Release|Any CPU
		{1FBA5916-8CAE-4763-8786-4064549D6C1A}.Debug|Any CPU.ActiveCfg = Debug|Any CPU
		{1FBA5916-8CAE-4763-8786-4064549D6C1A}.Debug|Any CPU.Build.0 = Debug|Any CPU
		{1FBA5916-8CAE-4763-8786-4064549D6C1A}.Release|Any CPU.ActiveCfg = Release|Any CPU
		{1FBA5916-8CAE-4763-8786-4064549D6C1A}.Release|Any CPU.Build.0 = Release|Any CPU
		{BF6B9AA2-FEFE-47DE-807C-8362138ED01A}.Debug|Any CPU.ActiveCfg = Debug|Any CPU
		{BF6B9AA2-FEFE-47DE-807C-8362138ED01A}.Debug|Any CPU.Build.0 = Debug|Any CPU
		{BF6B9AA2-FEFE-47DE-807C-8362138ED01A}.Release|Any CPU.ActiveCfg = Release|Any CPU
		{BF6B9AA2-FEFE-47DE-807C-8362138ED01A}.Release|Any CPU.Build.0 = Release|Any CPU
		{926CF97A-5698-4D5E-90EB-B33E7A3472E6}.Debug|Any CPU.ActiveCfg = Debug|Any CPU
		{926CF97A-5698-4D5E-90EB-B33E7A3472E6}.Debug|Any CPU.Build.0 = Debug|Any CPU
		{926CF97A-5698-4D5E-90EB-B33E7A3472E6}.Release|Any CPU.ActiveCfg = Release|Any CPU
		{926CF97A-5698-4D5E-90EB-B33E7A3472E6}.Release|Any CPU.Build.0 = Release|Any CPU
		{6187F9B4-067E-4B4E-A4E2-42FF072060CB}.Debug|Any CPU.ActiveCfg = Debug|Any CPU
		{6187F9B4-067E-4B4E-A4E2-42FF072060CB}.Debug|Any CPU.Build.0 = Debug|Any CPU
		{6187F9B4-067E-4B4E-A4E2-42FF072060CB}.Release|Any CPU.ActiveCfg = Release|Any CPU
		{6187F9B4-067E-4B4E-A4E2-42FF072060CB}.Release|Any CPU.Build.0 = Release|Any CPU
		{8BA4D521-5289-430C-927D-F911A11E788F}.Debug|Any CPU.ActiveCfg = Debug|Any CPU
		{8BA4D521-5289-430C-927D-F911A11E788F}.Debug|Any CPU.Build.0 = Debug|Any CPU
		{8BA4D521-5289-430C-927D-F911A11E788F}.Release|Any CPU.ActiveCfg = Release|Any CPU
		{8BA4D521-5289-430C-927D-F911A11E788F}.Release|Any CPU.Build.0 = Release|Any CPU
		{8E5DB173-EB3D-43A5-949F-2FA9DEF58F2F}.Debug|Any CPU.ActiveCfg = Debug|Any CPU
		{8E5DB173-EB3D-43A5-949F-2FA9DEF58F2F}.Debug|Any CPU.Build.0 = Debug|Any CPU
		{8E5DB173-EB3D-43A5-949F-2FA9DEF58F2F}.Release|Any CPU.ActiveCfg = Release|Any CPU
		{8E5DB173-EB3D-43A5-949F-2FA9DEF58F2F}.Release|Any CPU.Build.0 = Release|Any CPU
		{AC8FB9AF-409B-431C-B3C6-38F632AE8BC0}.Debug|Any CPU.ActiveCfg = Debug|Any CPU
		{AC8FB9AF-409B-431C-B3C6-38F632AE8BC0}.Debug|Any CPU.Build.0 = Debug|Any CPU
		{AC8FB9AF-409B-431C-B3C6-38F632AE8BC0}.Release|Any CPU.ActiveCfg = Release|Any CPU
		{AC8FB9AF-409B-431C-B3C6-38F632AE8BC0}.Release|Any CPU.Build.0 = Release|Any CPU
		{5467537B-91AB-4AED-84CE-E41618794E18}.Debug|Any CPU.ActiveCfg = Debug|Any CPU
		{5467537B-91AB-4AED-84CE-E41618794E18}.Debug|Any CPU.Build.0 = Debug|Any CPU
		{5467537B-91AB-4AED-84CE-E41618794E18}.Release|Any CPU.ActiveCfg = Release|Any CPU
		{5467537B-91AB-4AED-84CE-E41618794E18}.Release|Any CPU.Build.0 = Release|Any CPU
		{26E37DAE-711F-4678-8DA9-236CDD3B2AC0}.Debug|Any CPU.ActiveCfg = Debug|Any CPU
		{26E37DAE-711F-4678-8DA9-236CDD3B2AC0}.Debug|Any CPU.Build.0 = Debug|Any CPU
		{26E37DAE-711F-4678-8DA9-236CDD3B2AC0}.Release|Any CPU.ActiveCfg = Release|Any CPU
		{26E37DAE-711F-4678-8DA9-236CDD3B2AC0}.Release|Any CPU.Build.0 = Release|Any CPU
		{612BD2DA-DAF5-4352-8089-B18A1A584ED0}.Debug|Any CPU.ActiveCfg = Debug|Any CPU
		{612BD2DA-DAF5-4352-8089-B18A1A584ED0}.Debug|Any CPU.Build.0 = Debug|Any CPU
		{612BD2DA-DAF5-4352-8089-B18A1A584ED0}.Release|Any CPU.ActiveCfg = Release|Any CPU
		{612BD2DA-DAF5-4352-8089-B18A1A584ED0}.Release|Any CPU.Build.0 = Release|Any CPU
		{311F0B4B-0780-4B75-A6B7-13A36D77677A}.Debug|Any CPU.ActiveCfg = Debug|Any CPU
		{311F0B4B-0780-4B75-A6B7-13A36D77677A}.Debug|Any CPU.Build.0 = Debug|Any CPU
		{311F0B4B-0780-4B75-A6B7-13A36D77677A}.Release|Any CPU.ActiveCfg = Release|Any CPU
		{311F0B4B-0780-4B75-A6B7-13A36D77677A}.Release|Any CPU.Build.0 = Release|Any CPU
	EndGlobalSection
	GlobalSection(SolutionProperties) = preSolution
		HideSolutionNode = FALSE
	EndGlobalSection
	GlobalSection(ExtensibilityGlobals) = postSolution
		SolutionGuid = {255CB748-EF76-490B-B0C8-73E1CBB84799}
	EndGlobalSection
EndGlobal
