
Microsoft Visual Studio Solution File, Format Version 12.00
# Visual Studio Version 16
VisualStudioVersion = 16.0.31911.196
MinimumVisualStudioVersion = 10.0.40219.1
Project("{9A19103F-16F7-4668-BE54-9A1E7A4F7556}") = "FacadeDeseni_Ornek0", "FacadeDeseni_Ornek0\FacadeDeseni_Ornek0.csproj", "{1E162BF0-01D3-4B50-A6CC-7BBE740D1CA5}"
EndProject
Project("{9A19103F-16F7-4668-BE54-9A1E7A4F7556}") = "FacadeDeseni_Ornek1", "FacadeDeseni_Ornek1\FacadeDeseni_Ornek1.csproj", "{F3E23549-CCCB-4F12-A5ED-794FD5D82ADF}"
EndProject
Project("{FAE04EC0-301F-11D3-BF4B-00C04F79EFBC}") = "AdapterDeseni_Ornek0", "AdapterDeseni_Ornek0\AdapterDeseni_Ornek0.csproj", "{CEB458B8-8E58-48E6-A0CC-0A9AE0DE0A4F}"
EndProject
Project("{FAE04EC0-301F-11D3-BF4B-00C04F79EFBC}") = "AdapterDeseni_Ornek1", "AdapterDeseni_Ornek1\AdapterDeseni_Ornek1.csproj", "{1A568DC1-791C-49A2-905B-B84F5E5FD338}"
EndProject
Global
	GlobalSection(SolutionConfigurationPlatforms) = preSolution
		Debug|Any CPU = Debug|Any CPU
		Release|Any CPU = Release|Any CPU
	EndGlobalSection
	GlobalSection(ProjectConfigurationPlatforms) = postSolution
		{1E162BF0-01D3-4B50-A6CC-7BBE740D1CA5}.Debug|Any CPU.ActiveCfg = Debug|Any CPU
		{1E162BF0-01D3-4B50-A6CC-7BBE740D1CA5}.Debug|Any CPU.Build.0 = Debug|Any CPU
		{1E162BF0-01D3-4B50-A6CC-7BBE740D1CA5}.Release|Any CPU.ActiveCfg = Release|Any CPU
		{1E162BF0-01D3-4B50-A6CC-7BBE740D1CA5}.Release|Any CPU.Build.0 = Release|Any CPU
		{F3E23549-CCCB-4F12-A5ED-794FD5D82ADF}.Debug|Any CPU.ActiveCfg = Debug|Any CPU
		{F3E23549-CCCB-4F12-A5ED-794FD5D82ADF}.Debug|Any CPU.Build.0 = Debug|Any CPU
		{F3E23549-CCCB-4F12-A5ED-794FD5D82ADF}.Release|Any CPU.ActiveCfg = Release|Any CPU
		{F3E23549-CCCB-4F12-A5ED-794FD5D82ADF}.Release|Any CPU.Build.0 = Release|Any CPU
		{CEB458B8-8E58-48E6-A0CC-0A9AE0DE0A4F}.Debug|Any CPU.ActiveCfg = Debug|Any CPU
		{CEB458B8-8E58-48E6-A0CC-0A9AE0DE0A4F}.Debug|Any CPU.Build.0 = Debug|Any CPU
		{CEB458B8-8E58-48E6-A0CC-0A9AE0DE0A4F}.Release|Any CPU.ActiveCfg = Release|Any CPU
		{CEB458B8-8E58-48E6-A0CC-0A9AE0DE0A4F}.Release|Any CPU.Build.0 = Release|Any CPU
		{1A568DC1-791C-49A2-905B-B84F5E5FD338}.Debug|Any CPU.ActiveCfg = Debug|Any CPU
		{1A568DC1-791C-49A2-905B-B84F5E5FD338}.Debug|Any CPU.Build.0 = Debug|Any CPU
		{1A568DC1-791C-49A2-905B-B84F5E5FD338}.Release|Any CPU.ActiveCfg = Release|Any CPU
		{1A568DC1-791C-49A2-905B-B84F5E5FD338}.Release|Any CPU.Build.0 = Release|Any CPU
	EndGlobalSection
	GlobalSection(SolutionProperties) = preSolution
		HideSolutionNode = FALSE
	EndGlobalSection
	GlobalSection(ExtensibilityGlobals) = postSolution
		SolutionGuid = {255CB748-EF76-490B-B0C8-73E1CBB84799}
	EndGlobalSection
EndGlobal
